
Microsoft Visual Studio Solution File, Format Version 12.00
# Visual Studio Version 17
VisualStudioVersion = 17.10.35004.147
MinimumVisualStudioVersion = 10.0.40219.1
Project("{FAE04EC0-301F-11D3-BF4B-00C04F79EFBC}") = "JaiminPatelECommerce", "JaiminPatelECommerce\JaiminPatelECommerce.csproj", "{7CECBC9A-3A92-4D91-92D0-C693B2D1E664}"
EndProject
Global
	GlobalSection(SolutionConfigurationPlatforms) = preSolution
		Debug|Any CPU = Debug|Any CPU
		Release|Any CPU = Release|Any CPU
	EndGlobalSection
	GlobalSection(ProjectConfigurationPlatforms) = postSolution
		{7CECBC9A-3A92-4D91-92D0-C693B2D1E664}.Debug|Any CPU.ActiveCfg = Debug|Any CPU
		{7CECBC9A-3A92-4D91-92D0-C693B2D1E664}.Debug|Any CPU.Build.0 = Debug|Any CPU
		{7CECBC9A-3A92-4D91-92D0-C693B2D1E664}.Release|Any CPU.ActiveCfg = Release|Any CPU
		{7CECBC9A-3A92-4D91-92D0-C693B2D1E664}.Release|Any CPU.Build.0 = Release|Any CPU
	EndGlobalSection
	GlobalSection(SolutionProperties) = preSolution
		HideSolutionNode = FALSE
	EndGlobalSection
	GlobalSection(ExtensibilityGlobals) = postSolution
		SolutionGuid = {1D7322ED-5C35-473D-9FD9-779843547B68}
	EndGlobalSection
EndGlobal
